
Microsoft Visual Studio Solution File, Format Version 12.00
# Visual Studio 15
VisualStudioVersion = 15.0.27703.2018
MinimumVisualStudioVersion = 10.0.40219.1
Project("{FAE04EC0-301F-11D3-BF4B-00C04F79EFBC}") = "DLQMobileApp.Android", "DLQMobileApp\DLQMobileApp.Android\DLQMobileApp.Android.csproj", "{CA9A576F-D7F3-4E03-BB52-DE863503BD4B}"
EndProject
Project("{FAE04EC0-301F-11D3-BF4B-00C04F79EFBC}") = "DLQMobileApp.iOS", "DLQMobileApp\DLQMobileApp.iOS\DLQMobileApp.iOS.csproj", "{E2570DC4-FF38-4AA7-93CA-F851334FB135}"
EndProject
Project("{FAE04EC0-301F-11D3-BF4B-00C04F79EFBC}") = "DLQMobileApp", "DLQMobileApp\DLQMobileApp\DLQMobileApp.csproj", "{A2829BE3-E112-4FDA-81DA-E1FD52F368AA}"
EndProject
Global
	GlobalSection(SolutionConfigurationPlatforms) = preSolution
		Ad-Hoc|Any CPU = Ad-Hoc|Any CPU
		Ad-Hoc|iPhone = Ad-Hoc|iPhone
		Ad-Hoc|iPhoneSimulator = Ad-Hoc|iPhoneSimulator
		AppStore|Any CPU = AppStore|Any CPU
		AppStore|iPhone = AppStore|iPhone
		AppStore|iPhoneSimulator = AppStore|iPhoneSimulator
		Debug|Any CPU = Debug|Any CPU
		Debug|iPhone = Debug|iPhone
		Debug|iPhoneSimulator = Debug|iPhoneSimulator
		Release|Any CPU = Release|Any CPU
		Release|iPhone = Release|iPhone
		Release|iPhoneSimulator = Release|iPhoneSimulator
	EndGlobalSection
	GlobalSection(ProjectConfigurationPlatforms) = postSolution
		{CA9A576F-D7F3-4E03-BB52-DE863503BD4B}.Ad-Hoc|Any CPU.ActiveCfg = Release|Any CPU
		{CA9A576F-D7F3-4E03-BB52-DE863503BD4B}.Ad-Hoc|Any CPU.Build.0 = Release|Any CPU
		{CA9A576F-D7F3-4E03-BB52-DE863503BD4B}.Ad-Hoc|Any CPU.Deploy.0 = Release|Any CPU
		{CA9A576F-D7F3-4E03-BB52-DE863503BD4B}.Ad-Hoc|iPhone.ActiveCfg = Release|Any CPU
		{CA9A576F-D7F3-4E03-BB52-DE863503BD4B}.Ad-Hoc|iPhone.Build.0 = Release|Any CPU
		{CA9A576F-D7F3-4E03-BB52-DE863503BD4B}.Ad-Hoc|iPhone.Deploy.0 = Release|Any CPU
		{CA9A576F-D7F3-4E03-BB52-DE863503BD4B}.Ad-Hoc|iPhoneSimulator.ActiveCfg = Release|Any CPU
		{CA9A576F-D7F3-4E03-BB52-DE863503BD4B}.Ad-Hoc|iPhoneSimulator.Build.0 = Release|Any CPU
		{CA9A576F-D7F3-4E03-BB52-DE863503BD4B}.Ad-Hoc|iPhoneSimulator.Deploy.0 = Release|Any CPU
		{CA9A576F-D7F3-4E03-BB52-DE863503BD4B}.AppStore|Any CPU.ActiveCfg = Release|Any CPU
		{CA9A576F-D7F3-4E03-BB52-DE863503BD4B}.AppStore|Any CPU.Build.0 = Release|Any CPU
		{CA9A576F-D7F3-4E03-BB52-DE863503BD4B}.AppStore|Any CPU.Deploy.0 = Release|Any CPU
		{CA9A576F-D7F3-4E03-BB52-DE863503BD4B}.AppStore|iPhone.ActiveCfg = Release|Any CPU
		{CA9A576F-D7F3-4E03-BB52-DE863503BD4B}.AppStore|iPhone.Build.0 = Release|Any CPU
		{CA9A576F-D7F3-4E03-BB52-DE863503BD4B}.AppStore|iPhone.Deploy.0 = Release|Any CPU
		{CA9A576F-D7F3-4E03-BB52-DE863503BD4B}.AppStore|iPhoneSimulator.ActiveCfg = Release|Any CPU
		{CA9A576F-D7F3-4E03-BB52-DE863503BD4B}.AppStore|iPhoneSimulator.Build.0 = Release|Any CPU
		{CA9A576F-D7F3-4E03-BB52-DE863503BD4B}.AppStore|iPhoneSimulator.Deploy.0 = Release|Any CPU
		{CA9A576F-D7F3-4E03-BB52-DE863503BD4B}.Debug|Any CPU.ActiveCfg = Debug|Any CPU
		{CA9A576F-D7F3-4E03-BB52-DE863503BD4B}.Debug|Any CPU.Build.0 = Debug|Any CPU
		{CA9A576F-D7F3-4E03-BB52-DE863503BD4B}.Debug|Any CPU.Deploy.0 = Debug|Any CPU
		{CA9A576F-D7F3-4E03-BB52-DE863503BD4B}.Debug|iPhone.ActiveCfg = Debug|Any CPU
		{CA9A576F-D7F3-4E03-BB52-DE863503BD4B}.Debug|iPhone.Build.0 = Debug|Any CPU
		{CA9A576F-D7F3-4E03-BB52-DE863503BD4B}.Debug|iPhone.Deploy.0 = Debug|Any CPU
		{CA9A576F-D7F3-4E03-BB52-DE863503BD4B}.Debug|iPhoneSimulator.ActiveCfg = Debug|Any CPU
		{CA9A576F-D7F3-4E03-BB52-DE863503BD4B}.Debug|iPhoneSimulator.Build.0 = Debug|Any CPU
		{CA9A576F-D7F3-4E03-BB52-DE863503BD4B}.Debug|iPhoneSimulator.Deploy.0 = Debug|Any CPU
		{CA9A576F-D7F3-4E03-BB52-DE863503BD4B}.Release|Any CPU.ActiveCfg = Release|Any CPU
		{CA9A576F-D7F3-4E03-BB52-DE863503BD4B}.Release|Any CPU.Build.0 = Release|Any CPU
		{CA9A576F-D7F3-4E03-BB52-DE863503BD4B}.Release|Any CPU.Deploy.0 = Release|Any CPU
		{CA9A576F-D7F3-4E03-BB52-DE863503BD4B}.Release|iPhone.ActiveCfg = Release|Any CPU
		{CA9A576F-D7F3-4E03-BB52-DE863503BD4B}.Release|iPhone.Build.0 = Release|Any CPU
		{CA9A576F-D7F3-4E03-BB52-DE863503BD4B}.Release|iPhone.Deploy.0 = Release|Any CPU
		{CA9A576F-D7F3-4E03-BB52-DE863503BD4B}.Release|iPhoneSimulator.ActiveCfg = Release|Any CPU
		{CA9A576F-D7F3-4E03-BB52-DE863503BD4B}.Release|iPhoneSimulator.Build.0 = Release|Any CPU
		{CA9A576F-D7F3-4E03-BB52-DE863503BD4B}.Release|iPhoneSimulator.Deploy.0 = Release|Any CPU
		{E2570DC4-FF38-4AA7-93CA-F851334FB135}.Ad-Hoc|Any CPU.ActiveCfg = Ad-Hoc|iPhone
		{E2570DC4-FF38-4AA7-93CA-F851334FB135}.Ad-Hoc|Any CPU.Build.0 = Ad-Hoc|iPhone
		{E2570DC4-FF38-4AA7-93CA-F851334FB135}.Ad-Hoc|Any CPU.Deploy.0 = Ad-Hoc|iPhone
		{E2570DC4-FF38-4AA7-93CA-F851334FB135}.Ad-Hoc|iPhone.ActiveCfg = Ad-Hoc|iPhone
		{E2570DC4-FF38-4AA7-93CA-F851334FB135}.Ad-Hoc|iPhone.Build.0 = Ad-Hoc|iPhone
		{E2570DC4-FF38-4AA7-93CA-F851334FB135}.Ad-Hoc|iPhone.Deploy.0 = Ad-Hoc|iPhone
		{E2570DC4-FF38-4AA7-93CA-F851334FB135}.Ad-Hoc|iPhoneSimulator.ActiveCfg = Ad-Hoc|iPhoneSimulator
		{E2570DC4-FF38-4AA7-93CA-F851334FB135}.Ad-Hoc|iPhoneSimulator.Build.0 = Ad-Hoc|iPhoneSimulator
		{E2570DC4-FF38-4AA7-93CA-F851334FB135}.Ad-Hoc|iPhoneSimulator.Deploy.0 = Ad-Hoc|iPhoneSimulator
		{E2570DC4-FF38-4AA7-93CA-F851334FB135}.AppStore|Any CPU.ActiveCfg = AppStore|iPhone
		{E2570DC4-FF38-4AA7-93CA-F851334FB135}.AppStore|Any CPU.Build.0 = AppStore|iPhone
		{E2570DC4-FF38-4AA7-93CA-F851334FB135}.AppStore|Any CPU.Deploy.0 = AppStore|iPhone
		{E2570DC4-FF38-4AA7-93CA-F851334FB135}.AppStore|iPhone.ActiveCfg = AppStore|iPhone
		{E2570DC4-FF38-4AA7-93CA-F851334FB135}.AppStore|iPhone.Build.0 = AppStore|iPhone
		{E2570DC4-FF38-4AA7-93CA-F851334FB135}.AppStore|iPhone.Deploy.0 = AppStore|iPhone
		{E2570DC4-FF38-4AA7-93CA-F851334FB135}.AppStore|iPhoneSimulator.ActiveCfg = AppStore|iPhoneSimulator
		{E2570DC4-FF38-4AA7-93CA-F851334FB135}.AppStore|iPhoneSimulator.Build.0 = AppStore|iPhoneSimulator
		{E2570DC4-FF38-4AA7-93CA-F851334FB135}.AppStore|iPhoneSimulator.Deploy.0 = AppStore|iPhoneSimulator
		{E2570DC4-FF38-4AA7-93CA-F851334FB135}.Debug|Any CPU.ActiveCfg = Debug|iPhoneSimulator
		{E2570DC4-FF38-4AA7-93CA-F851334FB135}.Debug|Any CPU.Build.0 = Debug|iPhoneSimulator
		{E2570DC4-FF38-4AA7-93CA-F851334FB135}.Debug|Any CPU.Deploy.0 = Debug|iPhoneSimulator
		{E2570DC4-FF38-4AA7-93CA-F851334FB135}.Debug|iPhone.ActiveCfg = Debug|iPhone
		{E2570DC4-FF38-4AA7-93CA-F851334FB135}.Debug|iPhone.Build.0 = Debug|iPhone
		{E2570DC4-FF38-4AA7-93CA-F851334FB135}.Debug|iPhone.Deploy.0 = Debug|iPhone
		{E2570DC4-FF38-4AA7-93CA-F851334FB135}.Debug|iPhoneSimulator.ActiveCfg = Debug|iPhoneSimulator
		{E2570DC4-FF38-4AA7-93CA-F851334FB135}.Debug|iPhoneSimulator.Build.0 = Debug|iPhoneSimulator
		{E2570DC4-FF38-4AA7-93CA-F851334FB135}.Debug|iPhoneSimulator.Deploy.0 = Debug|iPhoneSimulator
		{E2570DC4-FF38-4AA7-93CA-F851334FB135}.Release|Any CPU.ActiveCfg = Release|iPhone
		{E2570DC4-FF38-4AA7-93CA-F851334FB135}.Release|Any CPU.Build.0 = Release|iPhone
		{E2570DC4-FF38-4AA7-93CA-F851334FB135}.Release|Any CPU.Deploy.0 = Release|iPhone
		{E2570DC4-FF38-4AA7-93CA-F851334FB135}.Release|iPhone.ActiveCfg = Release|iPhone
		{E2570DC4-FF38-4AA7-93CA-F851334FB135}.Release|iPhone.Build.0 = Release|iPhone
		{E2570DC4-FF38-4AA7-93CA-F851334FB135}.Release|iPhone.Deploy.0 = Release|iPhone
		{E2570DC4-FF38-4AA7-93CA-F851334FB135}.Release|iPhoneSimulator.ActiveCfg = Release|iPhoneSimulator
		{E2570DC4-FF38-4AA7-93CA-F851334FB135}.Release|iPhoneSimulator.Build.0 = Release|iPhoneSimulator
		{E2570DC4-FF38-4AA7-93CA-F851334FB135}.Release|iPhoneSimulator.Deploy.0 = Release|iPhoneSimulator
		{A2829BE3-E112-4FDA-81DA-E1FD52F368AA}.Ad-Hoc|Any CPU.ActiveCfg = Debug|Any CPU
		{A2829BE3-E112-4FDA-81DA-E1FD52F368AA}.Ad-Hoc|Any CPU.Build.0 = Debug|Any CPU
		{A2829BE3-E112-4FDA-81DA-E1FD52F368AA}.Ad-Hoc|Any CPU.Deploy.0 = Debug|Any CPU
		{A2829BE3-E112-4FDA-81DA-E1FD52F368AA}.Ad-Hoc|iPhone.ActiveCfg = Debug|Any CPU
		{A2829BE3-E112-4FDA-81DA-E1FD52F368AA}.Ad-Hoc|iPhone.Build.0 = Debug|Any CPU
		{A2829BE3-E112-4FDA-81DA-E1FD52F368AA}.Ad-Hoc|iPhone.Deploy.0 = Debug|Any CPU
		{A2829BE3-E112-4FDA-81DA-E1FD52F368AA}.Ad-Hoc|iPhoneSimulator.ActiveCfg = Debug|Any CPU
		{A2829BE3-E112-4FDA-81DA-E1FD52F368AA}.Ad-Hoc|iPhoneSimulator.Build.0 = Debug|Any CPU
		{A2829BE3-E112-4FDA-81DA-E1FD52F368AA}.Ad-Hoc|iPhoneSimulator.Deploy.0 = Debug|Any CPU
		{A2829BE3-E112-4FDA-81DA-E1FD52F368AA}.AppStore|Any CPU.ActiveCfg = Debug|Any CPU
		{A2829BE3-E112-4FDA-81DA-E1FD52F368AA}.AppStore|Any CPU.Build.0 = Debug|Any CPU
		{A2829BE3-E112-4FDA-81DA-E1FD52F368AA}.AppStore|Any CPU.Deploy.0 = Debug|Any CPU
		{A2829BE3-E112-4FDA-81DA-E1FD52F368AA}.AppStore|iPhone.ActiveCfg = Debug|Any CPU
		{A2829BE3-E112-4FDA-81DA-E1FD52F368AA}.AppStore|iPhone.Build.0 = Debug|Any CPU
		{A2829BE3-E112-4FDA-81DA-E1FD52F368AA}.AppStore|iPhone.Deploy.0 = Debug|Any CPU
		{A2829BE3-E112-4FDA-81DA-E1FD52F368AA}.AppStore|iPhoneSimulator.ActiveCfg = Debug|Any CPU
		{A2829BE3-E112-4FDA-81DA-E1FD52F368AA}.AppStore|iPhoneSimulator.Build.0 = Debug|Any CPU
		{A2829BE3-E112-4FDA-81DA-E1FD52F368AA}.AppStore|iPhoneSimulator.Deploy.0 = Debug|Any CPU
		{A2829BE3-E112-4FDA-81DA-E1FD52F368AA}.Debug|Any CPU.ActiveCfg = Debug|Any CPU
		{A2829BE3-E112-4FDA-81DA-E1FD52F368AA}.Debug|Any CPU.Build.0 = Debug|Any CPU
		{A2829BE3-E112-4FDA-81DA-E1FD52F368AA}.Debug|Any CPU.Deploy.0 = Debug|Any CPU
		{A2829BE3-E112-4FDA-81DA-E1FD52F368AA}.Debug|iPhone.ActiveCfg = Debug|Any CPU
		{A2829BE3-E112-4FDA-81DA-E1FD52F368AA}.Debug|iPhone.Build.0 = Debug|Any CPU
		{A2829BE3-E112-4FDA-81DA-E1FD52F368AA}.Debug|iPhone.Deploy.0 = Debug|Any CPU
		{A2829BE3-E112-4FDA-81DA-E1FD52F368AA}.Debug|iPhoneSimulator.ActiveCfg = Debug|Any CPU
		{A2829BE3-E112-4FDA-81DA-E1FD52F368AA}.Debug|iPhoneSimulator.Build.0 = Debug|Any CPU
		{A2829BE3-E112-4FDA-81DA-E1FD52F368AA}.Debug|iPhoneSimulator.Deploy.0 = Debug|Any CPU
		{A2829BE3-E112-4FDA-81DA-E1FD52F368AA}.Release|Any CPU.ActiveCfg = Release|Any CPU
		{A2829BE3-E112-4FDA-81DA-E1FD52F368AA}.Release|Any CPU.Build.0 = Release|Any CPU
		{A2829BE3-E112-4FDA-81DA-E1FD52F368AA}.Release|Any CPU.Deploy.0 = Release|Any CPU
		{A2829BE3-E112-4FDA-81DA-E1FD52F368AA}.Release|iPhone.ActiveCfg = Release|Any CPU
		{A2829BE3-E112-4FDA-81DA-E1FD52F368AA}.Release|iPhone.Build.0 = Release|Any CPU
		{A2829BE3-E112-4FDA-81DA-E1FD52F368AA}.Release|iPhone.Deploy.0 = Release|Any CPU
		{A2829BE3-E112-4FDA-81DA-E1FD52F368AA}.Release|iPhoneSimulator.ActiveCfg = Release|Any CPU
		{A2829BE3-E112-4FDA-81DA-E1FD52F368AA}.Release|iPhoneSimulator.Build.0 = Release|Any CPU
		{A2829BE3-E112-4FDA-81DA-E1FD52F368AA}.Release|iPhoneSimulator.Deploy.0 = Release|Any CPU
	EndGlobalSection
	GlobalSection(SolutionProperties) = preSolution
		HideSolutionNode = FALSE
	EndGlobalSection
	GlobalSection(ExtensibilityGlobals) = postSolution
		SolutionGuid = {E914EFDB-059D-45F3-92C1-4C11D0CEC3B4}
	EndGlobalSection
EndGlobal
